{
  "name": "scrap-ai",
  "version": "0.0.4",
  "lockfileVersion": 3,
  "requires": true,
  "packages": {
    "": {
      "name": "scrap-ai",
      "version": "0.0.4",
      "license": "MIT",
      "devDependencies": {
        "@types/node": "^18.11.9",
        "picocolors": "^1.0.0"
      }
    },
    "node_modules/@types/node": {
      "version": "18.19.75",
      "resolved": "https://registry.npmjs.org/@types/node/-/node-18.19.75.tgz",
      "integrity": "sha512-UIksWtThob6ZVSyxcOqCLOUNg/dyO1Qvx4McgeuhrEtHTLFTf7BBhEazaE4K806FGTPtzd/2sE90qn4fVr7cyw==",
      "dev": true,
      "license": "MIT",
      "dependencies": {
        "undici-types": "~5.26.4"
      }
    },
    "node_modules/picocolors": {
      "version": "1.1.1",
      "resolved": "https://registry.npmjs.org/picocolors/-/picocolors-1.1.1.tgz",
      "integrity": "sha512-xceH2snhtb5M9liqDsmEw56le376mTZkEX/jEb/RxNFyegNul7eNslCXP9FDj/Lcu0X8KEyMceP2ntpaHrDEVA==",
      "dev": true,
      "license": "ISC"
    },
    "node_modules/undici-types": {
      "version": "5.26.5",
      "resolved": "https://registry.npmjs.org/undici-types/-/undici-types-5.26.5.tgz",
      "integrity": "sha512-JlCMO+ehdEIKqlFxk6IfVoAUVmgz7cU7zD/h9XZ0qzeosSHmUJVOzSQvvYSYWXkFXC+IfLKSIffhv0sVZup6pA==",
      "dev": true,
      "license": "MIT"
    }
  }
}
